
Microsoft Visual Studio Solution File, Format Version 11.00
# Visual C# Express 2010
Project("{FAE04EC0-301F-11D3-BF4B-00C04F79EFBC}") = "PDF_app", "PDF_app\PDF_app.csproj", "{D131EE0A-4927-44C8-A2F1-04E37B838049}"
EndProject
Global
	GlobalSection(SolutionConfigurationPlatforms) = preSolution
		Debug|x86 = Debug|x86
		Release|x86 = Release|x86
	EndGlobalSection
	GlobalSection(ProjectConfigurationPlatforms) = postSolution
		{D131EE0A-4927-44C8-A2F1-04E37B838049}.Debug|x86.ActiveCfg = Debug|x86
		{D131EE0A-4927-44C8-A2F1-04E37B838049}.Debug|x86.Build.0 = Debug|x86
		{D131EE0A-4927-44C8-A2F1-04E37B838049}.Release|x86.ActiveCfg = Release|x86
		{D131EE0A-4927-44C8-A2F1-04E37B838049}.Release|x86.Build.0 = Release|x86
	EndGlobalSection
	GlobalSection(SolutionProperties) = preSolution
		HideSolutionNode = FALSE
	EndGlobalSection
EndGlobal
